// !$*UTF8*$!
{
	archiveVersion = 1;
	classes = {
	};
	objectVersion = 50;
	objects = {

/* Begin PBXBuildFile section */
		700704A225C60751007766ED /* DataService.swift in Sources */ = {isa = PBXBuildFile; fileRef = 700704A125C60751007766ED /* DataService.swift */; };
		700704A525C61055007766ED /* RecipeDetailView.swift in Sources */ = {isa = PBXBuildFile; fileRef = 700704A425C61055007766ED /* RecipeDetailView.swift */; };
		707A2DD725C60306006627AB /* Recipe_CentralApp.swift in Sources */ = {isa = PBXBuildFile; fileRef = 707A2DD625C60306006627AB /* Recipe_CentralApp.swift */; };
		707A2DD925C60306006627AB /* RecipeListView.swift in Sources */ = {isa = PBXBuildFile; fileRef = 707A2DD825C60306006627AB /* RecipeListView.swift */; };
		707A2DDB25C60307006627AB /* Assets.xcassets in Resources */ = {isa = PBXBuildFile; fileRef = 707A2DDA25C60307006627AB /* Assets.xcassets */; };
		707A2DDE25C60307006627AB /* Preview Assets.xcassets in Resources */ = {isa = PBXBuildFile; fileRef = 707A2DDD25C60307006627AB /* Preview Assets.xcassets */; };
		707A2DEC25C603F5006627AB /* recipes.json in Resources */ = {isa = PBXBuildFile; fileRef = 707A2DEB25C603F5006627AB /* recipes.json */; };
		707A2DF025C6045D006627AB /* Recipe.swift in Sources */ = {isa = PBXBuildFile; fileRef = 707A2DEF25C6045D006627AB /* Recipe.swift */; };
		707A2DF325C60605006627AB /* RecipeModel.swift in Sources */ = {isa = PBXBuildFile; fileRef = 707A2DF225C60605006627AB /* RecipeModel.swift */; };
		70A10F7E25CC871B00D54BEB /* RecipeTabView.swift in Sources */ = {isa = PBXBuildFile; fileRef = 70A10F7D25CC871B00D54BEB /* RecipeTabView.swift */; };
/* End PBXBuildFile section */

/* Begin PBXFileReference section */
		700704A125C60751007766ED /* DataService.swift */ = {isa = PBXFileReference; lastKnownFileType = sourcecode.swift; path = DataService.swift; sourceTree = "<group>"; };
		700704A425C61055007766ED /* RecipeDetailView.swift */ = {isa = PBXFileReference; lastKnownFileType = sourcecode.swift; path = RecipeDetailView.swift; sourceTree = "<group>"; };
		707A2DD325C60306006627AB /* Recipe Central.app */ = {isa = PBXFileReference; explicitFileType = wrapper.application; includeInIndex = 0; path = "Recipe Central.app"; sourceTree = BUILT_PRODUCTS_DIR; };
		707A2DD625C60306006627AB /* Recipe_CentralApp.swift */ = {isa = PBXFileReference; lastKnownFileType = sourcecode.swift; path = Recipe_CentralApp.swift; sourceTree = "<group>"; };
		707A2DD825C60306006627AB /* RecipeListView.swift */ = {isa = PBXFileReference; lastKnownFileType = sourcecode.swift; path = RecipeListView.swift; sourceTree = "<group>"; };
		707A2DDA25C60307006627AB /* Assets.xcassets */ = {isa = PBXFileReference; lastKnownFileType = folder.assetcatalog; path = Assets.xcassets; sourceTree = "<group>"; };
		707A2DDD25C60307006627AB /* Preview Assets.xcassets */ = {isa = PBXFileReference; lastKnownFileType = folder.assetcatalog; path = "Preview Assets.xcassets"; sourceTree = "<group>"; };
		707A2DDF25C60307006627AB /* Info.plist */ = {isa = PBXFileReference; lastKnownFileType = text.plist.xml; path = Info.plist; sourceTree = "<group>"; };
		707A2DEB25C603F5006627AB /* recipes.json */ = {isa = PBXFileReference; fileEncoding = 4; lastKnownFileType = text.json; path = recipes.json; sourceTree = "<group>"; };
		707A2DEF25C6045D006627AB /* Recipe.swift */ = {isa = PBXFileReference; lastKnownFileType = sourcecode.swift; path = Recipe.swift; sourceTree = "<group>"; };
		707A2DF225C60605006627AB /* RecipeModel.swift */ = {isa = PBXFileReference; lastKnownFileType = sourcecode.swift; path = RecipeModel.swift; sourceTree = "<group>"; };
		70A10F7D25CC871B00D54BEB /* RecipeTabView.swift */ = {isa = PBXFileReference; lastKnownFileType = sourcecode.swift; path = RecipeTabView.swift; sourceTree = "<group>"; };
/* End PBXFileReference section */

/* Begin PBXFrameworksBuildPhase section */
		707A2DD025C60306006627AB /* Frameworks */ = {
			isa = PBXFrameworksBuildPhase;
			buildActionMask = 2147483647;
			files = (
			);
			runOnlyForDeploymentPostprocessing = 0;
		};
/* End PBXFrameworksBuildPhase section */

/* Begin PBXGroup section */
		707A2DCA25C60306006627AB = {
			isa = PBXGroup;
			children = (
				707A2DD525C60306006627AB /* Recipe Central */,
				707A2DD425C60306006627AB /* Products */,
			);
			sourceTree = "<group>";
		};
		707A2DD425C60306006627AB /* Products */ = {
			isa = PBXGroup;
			children = (
				707A2DD325C60306006627AB /* Recipe Central.app */,
			);
			name = Products;
			sourceTree = "<group>";
		};
		707A2DD525C60306006627AB /* Recipe Central */ = {
			isa = PBXGroup;
			children = (
				707A2DD625C60306006627AB /* Recipe_CentralApp.swift */,
				707A2DE625C60331006627AB /* Views */,
				707A2DE725C60336006627AB /* ViewModels */,
				707A2DE825C6033C006627AB /* Models */,
				707A2DEA25C60346006627AB /* Services */,
				707A2DE925C60340006627AB /* Data */,
				707A2DDA25C60307006627AB /* Assets.xcassets */,
				707A2DDF25C60307006627AB /* Info.plist */,
				707A2DDC25C60307006627AB /* Preview Content */,
			);
			path = "Recipe Central";
			sourceTree = "<group>";
		};
		707A2DDC25C60307006627AB /* Preview Content */ = {
			isa = PBXGroup;
			children = (
				707A2DDD25C60307006627AB /* Preview Assets.xcassets */,
			);
			path = "Preview Content";
			sourceTree = "<group>";
		};
		707A2DE625C60331006627AB /* Views */ = {
			isa = PBXGroup;
			children = (
				707A2DD825C60306006627AB /* RecipeListView.swift */,
				700704A425C61055007766ED /* RecipeDetailView.swift */,
				70A10F7D25CC871B00D54BEB /* RecipeTabView.swift */,
			);
			path = Views;
			sourceTree = "<group>";
		};
		707A2DE725C60336006627AB /* ViewModels */ = {
			isa = PBXGroup;
			children = (
				707A2DF225C60605006627AB /* RecipeModel.swift */,
			);
			path = ViewModels;
			sourceTree = "<group>";
		};
		707A2DE825C6033C006627AB /* Models */ = {
			isa = PBXGroup;
			children = (
				707A2DEF25C6045D006627AB /* Recipe.swift */,
			);
			path = Models;
			sourceTree = "<group>";
		};
		707A2DE925C60340006627AB /* Data */ = {
			isa = PBXGroup;
			children = (
				707A2DEB25C603F5006627AB /* recipes.json */,
			);
			path = Data;
			sourceTree = "<group>";
		};
		707A2DEA25C60346006627AB /* Services */ = {
			isa = PBXGroup;
			children = (
				700704A125C60751007766ED /* DataService.swift */,
			);
			path = Services;
			sourceTree = "<group>";
		};
/* End PBXGroup section */

/* Begin PBXNativeTarget section */
		707A2DD225C60306006627AB /* Recipe Central */ = {
			isa = PBXNativeTarget;
			buildConfigurationList = 707A2DE225C60307006627AB /* Build configuration list for PBXNativeTarget "Recipe Central" */;
			buildPhases = (
				707A2DCF25C60306006627AB /* Sources */,
				707A2DD025C60306006627AB /* Frameworks */,
				707A2DD125C60306006627AB /* Resources */,
			);
			buildRules = (
			);
			dependencies = (
			);
			name = "Recipe Central";
			productName = "Recipe Central";
			productReference = 707A2DD325C60306006627AB /* Recipe Central.app */;
			productType = "com.apple.product-type.application";
		};
/* End PBXNativeTarget section */

/* Begin PBXProject section */
		707A2DCB25C60306006627AB /* Project object */ = {
			isa = PBXProject;
			attributes = {
				LastSwiftUpdateCheck = 1240;
				LastUpgradeCheck = 1240;
				TargetAttributes = {
					707A2DD225C60306006627AB = {
						CreatedOnToolsVersion = 12.4;
					};
				};
			};
			buildConfigurationList = 707A2DCE25C60306006627AB /* Build configuration list for PBXProject "Recipe Central" */;
			compatibilityVersion = "Xcode 9.3";
			developmentRegion = en;
			hasScannedForEncodings = 0;
			knownRegions = (
				en,
				Base,
			);
			mainGroup = 707A2DCA25C60306006627AB;
			productRefGroup = 707A2DD425C60306006627AB /* Products */;
			projectDirPath = "";
			projectRoot = "";
			targets = (
				707A2DD225C60306006627AB /* Recipe Central */,
			);
		};
/* End PBXProject section */

/* Begin PBXResourcesBuildPhase section */
		707A2DD125C60306006627AB /* Resources */ = {
			isa = PBXResourcesBuildPhase;
			buildActionMask = 2147483647;
			files = (
				707A2DDE25C60307006627AB /* Preview Assets.xcassets in Resources */,
				707A2DEC25C603F5006627AB /* recipes.json in Resources */,
				707A2DDB25C60307006627AB /* Assets.xcassets in Resources */,
			);
			runOnlyForDeploymentPostprocessing = 0;
		};
/* End PBXResourcesBuildPhase section */

/* Begin PBXSourcesBuildPhase section */
		707A2DCF25C60306006627AB /* Sources */ = {
			isa = PBXSourcesBuildPhase;
			buildActionMask = 2147483647;
			files = (
				707A2DF025C6045D006627AB /* Recipe.swift in Sources */,
				700704A525C61055007766ED /* RecipeDetailView.swift in Sources */,
				707A2DF325C60605006627AB /* RecipeModel.swift in Sources */,
				707A2DD925C60306006627AB /* RecipeListView.swift in Sources */,
				707A2DD725C60306006627AB /* Recipe_CentralApp.swift in Sources */,
				700704A225C60751007766ED /* DataService.swift in Sources */,
				70A10F7E25CC871B00D54BEB /* RecipeTabView.swift in Sources */,
			);
			runOnlyForDeploymentPostprocessing = 0;
		};
/* End PBXSourcesBuildPhase section */

/* Begin XCBuildConfiguration section */
		707A2DE025C60307006627AB /* Debug */ = {
			isa = XCBuildConfiguration;
			buildSettings = {
				ALWAYS_SEARCH_USER_PATHS = NO;
				CLANG_ANALYZER_NONNULL = YES;
				CLANG_ANALYZER_NUMBER_OBJECT_CONVERSION = YES_AGGRESSIVE;
				CLANG_CXX_LANGUAGE_STANDARD = "gnu++14";
				CLANG_CXX_LIBRARY = "libc++";
				CLANG_ENABLE_MODULES = YES;
				CLANG_ENABLE_OBJC_ARC = YES;
				CLANG_ENABLE_OBJC_WEAK = YES;
				CLANG_WARN_BLOCK_CAPTURE_AUTORELEASING = YES;
				CLANG_WARN_BOOL_CONVERSION = YES;
				CLANG_WARN_COMMA = YES;
				CLANG_WARN_CONSTANT_CONVERSION = YES;
				CLANG_WARN_DEPRECATED_OBJC_IMPLEMENTATIONS = YES;
				CLANG_WARN_DIRECT_OBJC_ISA_USAGE = YES_ERROR;
				CLANG_WARN_DOCUMENTATION_COMMENTS = YES;
				CLANG_WARN_EMPTY_BODY = YES;
				CLANG_WARN_ENUM_CONVERSION = YES;
				CLANG_WARN_INFINITE_RECURSION = YES;
				CLANG_WARN_INT_CONVERSION = YES;
				CLANG_WARN_NON_LITERAL_NULL_CONVERSION = YES;
				CLANG_WARN_OBJC_IMPLICIT_RETAIN_SELF = YES;
				CLANG_WARN_OBJC_LITERAL_CONVERSION = YES;
				CLANG_WARN_OBJC_ROOT_CLASS = YES_ERROR;
				CLANG_WARN_QUOTED_INCLUDE_IN_FRAMEWORK_HEADER = YES;
				CLANG_WARN_RANGE_LOOP_ANALYSIS = YES;
				CLANG_WARN_STRICT_PROTOTYPES = YES;
				CLANG_WARN_SUSPICIOUS_MOVE = YES;
				CLANG_WARN_UNGUARDED_AVAILABILITY = YES_AGGRESSIVE;
				CLANG_WARN_UNREACHABLE_CODE = YES;
				CLANG_WARN__DUPLICATE_METHOD_MATCH = YES;
				COPY_PHASE_STRIP = NO;
				DEBUG_INFORMATION_FORMAT = dwarf;
				ENABLE_STRICT_OBJC_MSGSEND = YES;
				ENABLE_TESTABILITY = YES;
				GCC_C_LANGUAGE_STANDARD = gnu11;
				GCC_DYNAMIC_NO_PIC = NO;
				GCC_NO_COMMON_BLOCKS = YES;
				GCC_OPTIMIZATION_LEVEL = 0;
				GCC_PREPROCESSOR_DEFINITIONS = (
					"DEBUG=1",
					"$(inherited)",
				);
				GCC_WARN_64_TO_32_BIT_CONVERSION = YES;
				GCC_WARN_ABOUT_RETURN_TYPE = YES_ERROR;
				GCC_WARN_UNDECLARED_SELECTOR = YES;
				GCC_WARN_UNINITIALIZED_AUTOS = YES_AGGRESSIVE;
				GCC_WARN_UNUSED_FUNCTION = YES;
				GCC_WARN_UNUSED_VARIABLE = YES;
				IPHONEOS_DEPLOYMENT_TARGET = 14.4;
				MTL_ENABLE_DEBUG_INFO = INCLUDE_SOURCE;
				MTL_FAST_MATH = YES;
				ONLY_ACTIVE_ARCH = YES;
				SDKROOT = iphoneos;
				SWIFT_ACTIVE_COMPILATION_CONDITIONS = DEBUG;
				SWIFT_OPTIMIZATION_LEVEL = "-Onone";
			};
			name = Debug;
		};
		707A2DE125C60307006627AB /* Release */ = {
			isa = XCBuildConfiguration;
			buildSettings = {
				ALWAYS_SEARCH_USER_PATHS = NO;
				CLANG_ANALYZER_NONNULL = YES;
				CLANG_ANALYZER_NUMBER_OBJECT_CONVERSION = YES_AGGRESSIVE;
				CLANG_CXX_LANGUAGE_STANDARD = "gnu++14";
				CLANG_CXX_LIBRARY = "libc++";
				CLANG_ENABLE_MODULES = YES;
				CLANG_ENABLE_OBJC_ARC = YES;
				CLANG_ENABLE_OBJC_WEAK = YES;
				CLANG_WARN_BLOCK_CAPTURE_AUTORELEASING = YES;
				CLANG_WARN_BOOL_CONVERSION = YES;
				CLANG_WARN_COMMA = YES;
				CLANG_WARN_CONSTANT_CONVERSION = YES;
				CLANG_WARN_DEPRECATED_OBJC_IMPLEMENTATIONS = YES;
				CLANG_WARN_DIRECT_OBJC_ISA_USAGE = YES_ERROR;
				CLANG_WARN_DOCUMENTATION_COMMENTS = YES;
				CLANG_WARN_EMPTY_BODY = YES;
				CLANG_WARN_ENUM_CONVERSION = YES;
				CLANG_WARN_INFINITE_RECURSION = YES;
				CLANG_WARN_INT_CONVERSION = YES;
				CLANG_WARN_NON_LITERAL_NULL_CONVERSION = YES;
				CLANG_WARN_OBJC_IMPLICIT_RETAIN_SELF = YES;
				CLANG_WARN_OBJC_LITERAL_CONVERSION = YES;
				CLANG_WARN_OBJC_ROOT_CLASS = YES_ERROR;
				CLANG_WARN_QUOTED_INCLUDE_IN_FRAMEWORK_HEADER = YES;
				CLANG_WARN_RANGE_LOOP_ANALYSIS = YES;
				CLANG_WARN_STRICT_PROTOTYPES = YES;
				CLANG_WARN_SUSPICIOUS_MOVE = YES;
				CLANG_WARN_UNGUARDED_AVAILABILITY = YES_AGGRESSIVE;
				CLANG_WARN_UNREACHABLE_CODE = YES;
				CLANG_WARN__DUPLICATE_METHOD_MATCH = YES;
				COPY_PHASE_STRIP = NO;
				DEBUG_INFORMATION_FORMAT = "dwarf-with-dsym";
				ENABLE_NS_ASSERTIONS = NO;
				ENABLE_STRICT_OBJC_MSGSEND = YES;
				GCC_C_LANGUAGE_STANDARD = gnu11;
				GCC_NO_COMMON_BLOCKS = YES;
				GCC_WARN_64_TO_32_BIT_CONVERSION = YES;
				GCC_WARN_ABOUT_RETURN_TYPE = YES_ERROR;
				GCC_WARN_UNDECLARED_SELECTOR = YES;
				GCC_WARN_UNINITIALIZED_AUTOS = YES_AGGRESSIVE;
				GCC_WARN_UNUSED_FUNCTION = YES;
				GCC_WARN_UNUSED_VARIABLE = YES;
				IPHONEOS_DEPLOYMENT_TARGET = 14.4;
				MTL_ENABLE_DEBUG_INFO = NO;
				MTL_FAST_MATH = YES;
				SDKROOT = iphoneos;
				SWIFT_COMPILATION_MODE = wholemodule;
				SWIFT_OPTIMIZATION_LEVEL = "-O";
				VALIDATE_PRODUCT = YES;
			};
			name = Release;
		};
		707A2DE325C60307006627AB /* Debug */ = {
			isa = XCBuildConfiguration;
			buildSettings = {
				ASSETCATALOG_COMPILER_APPICON_NAME = AppIcon;
				ASSETCATALOG_COMPILER_GLOBAL_ACCENT_COLOR_NAME = AccentColor;
				CODE_SIGN_STYLE = Automatic;
				DEVELOPMENT_ASSET_PATHS = "\"Recipe Central/Preview Content\"";
				DEVELOPMENT_TEAM = X3PX9GT5RL;
				ENABLE_PREVIEWS = YES;
				INFOPLIST_FILE = "Recipe Central/Info.plist";
				IPHONEOS_DEPLOYMENT_TARGET = 14.0;
				LD_RUNPATH_SEARCH_PATHS = (
					"$(inherited)",
					"@executable_path/Frameworks",
				);
				PRODUCT_BUNDLE_IDENTIFIER = "com.gabbaysoft.Recipe-Central";
				PRODUCT_NAME = "$(TARGET_NAME)";
				SWIFT_VERSION = 5.0;
				TARGETED_DEVICE_FAMILY = "1,2";
			};
			name = Debug;
		};
		707A2DE425C60307006627AB /* Release */ = {
			isa = XCBuildConfiguration;
			buildSettings = {
				ASSETCATALOG_COMPILER_APPICON_NAME = AppIcon;
				ASSETCATALOG_COMPILER_GLOBAL_ACCENT_COLOR_NAME = AccentColor;
				CODE_SIGN_STYLE = Automatic;
				DEVELOPMENT_ASSET_PATHS = "\"Recipe Central/Preview Content\"";
				DEVELOPMENT_TEAM = X3PX9GT5RL;
				ENABLE_PREVIEWS = YES;
				INFOPLIST_FILE = "Recipe Central/Info.plist";
				IPHONEOS_DEPLOYMENT_TARGET = 14.0;
				LD_RUNPATH_SEARCH_PATHS = (
					"$(inherited)",
					"@executable_path/Frameworks",
				);
				PRODUCT_BUNDLE_IDENTIFIER = "com.gabbaysoft.Recipe-Central";
				PRODUCT_NAME = "$(TARGET_NAME)";
				SWIFT_VERSION = 5.0;
				TARGETED_DEVICE_FAMILY = "1,2";
			};
			name = Release;
		};
/* End XCBuildConfiguration section */

/* Begin XCConfigurationList section */
		707A2DCE25C60306006627AB /* Build configuration list for PBXProject "Recipe Central" */ = {
			isa = XCConfigurationList;
			buildConfigurations = (
				707A2DE025C60307006627AB /* Debug */,
				707A2DE125C60307006627AB /* Release */,
			);
			defaultConfigurationIsVisible = 0;
			defaultConfigurationName = Release;
		};
		707A2DE225C60307006627AB /* Build configuration list for PBXNativeTarget "Recipe Central" */ = {
			isa = XCConfigurationList;
			buildConfigurations = (
				707A2DE325C60307006627AB /* Debug */,
				707A2DE425C60307006627AB /* Release */,
			);
			defaultConfigurationIsVisible = 0;
			defaultConfigurationName = Release;
		};
/* End XCConfigurationList section */
	};
	rootObject = 707A2DCB25C60306006627AB /* Project object */;
}
